// !$*UTF8*$!
{
	archiveVersion = 1;
	classes = {
	};
	objectVersion = 77;
	objects = {

/* Begin PBXBuildFile section */
		550FF02CC98A753B997005B5 /* Pods_PeraLend.framework in Frameworks */ = {isa = PBXBuildFile; fileRef = 7FFE6F7FE1CD09A214DAC321 /* Pods_PeraLend.framework */; };
		73397C682E2DD05B00732DE5 /* BaseViewController.swift in Sources */ = {isa = PBXBuildFile; fileRef = 73397C672E2DD05B00732DE5 /* BaseViewController.swift */; };
		73397C6A2E2DD06400732DE5 /* LaunchViewController.swift in Sources */ = {isa = PBXBuildFile; fileRef = 73397C692E2DD06400732DE5 /* LaunchViewController.swift */; };
		73397C6D2E2DD12D00732DE5 /* BaseView.swift in Sources */ = {isa = PBXBuildFile; fileRef = 73397C6C2E2DD12D00732DE5 /* BaseView.swift */; };
		73397C722E2DD5A200732DE5 /* LoginView.swift in Sources */ = {isa = PBXBuildFile; fileRef = 73397C712E2DD5A200732DE5 /* LoginView.swift */; };
		73397C742E2DD5B500732DE5 /* LoginViewController.swift in Sources */ = {isa = PBXBuildFile; fileRef = 73397C732E2DD5B500732DE5 /* LoginViewController.swift */; };
		73397C762E2DD77100732DE5 /* CustomTabBarController.swift in Sources */ = {isa = PBXBuildFile; fileRef = 73397C752E2DD77100732DE5 /* CustomTabBarController.swift */; };
		73397C782E2DD7B400732DE5 /* BaseNavigationController.swift in Sources */ = {isa = PBXBuildFile; fileRef = 73397C772E2DD7B400732DE5 /* BaseNavigationController.swift */; };
		73397C7A2E2DDA8F00732DE5 /* PhoneListView.swift in Sources */ = {isa = PBXBuildFile; fileRef = 73397C792E2DDA8F00732DE5 /* PhoneListView.swift */; };
		73397C7D2E2DEDA100732DE5 /* loginConfig.swift in Sources */ = {isa = PBXBuildFile; fileRef = 73397C7C2E2DED9C00732DE5 /* loginConfig.swift */; };
		73397C7F2E2DF15100732DE5 /* httprequest.swift in Sources */ = {isa = PBXBuildFile; fileRef = 73397C7E2E2DF14100732DE5 /* httprequest.swift */; };
		73397C812E2DF1B900732DE5 /* model.swift in Sources */ = {isa = PBXBuildFile; fileRef = 73397C802E2DF1B700732DE5 /* model.swift */; };
		73397C832E2E031000732DE5 /* hud.swift in Sources */ = {isa = PBXBuildFile; fileRef = 73397C822E2E030D00732DE5 /* hud.swift */; };
		73397C872E2E047D00732DE5 /* loading.json in Resources */ = {isa = PBXBuildFile; fileRef = 73397C862E2E047D00732DE5 /* loading.json */; };
		73397C8E2E2E14D500732DE5 /* HomeViewController.swift in Sources */ = {isa = PBXBuildFile; fileRef = 73397C8D2E2E14D500732DE5 /* HomeViewController.swift */; };
		73397C902E2E14DD00732DE5 /* CenterViewController.swift in Sources */ = {isa = PBXBuildFile; fileRef = 73397C8F2E2E14DD00732DE5 /* CenterViewController.swift */; };
		73397C922E2E175E00732DE5 /* HomeView.swift in Sources */ = {isa = PBXBuildFile; fileRef = 73397C912E2E175E00732DE5 /* HomeView.swift */; };
		73397C942E2E1ED600732DE5 /* CenterView.swift in Sources */ = {isa = PBXBuildFile; fileRef = 73397C932E2E1ED600732DE5 /* CenterView.swift */; };
		73397C962E2E290E00732DE5 /* HeadView.swift in Sources */ = {isa = PBXBuildFile; fileRef = 73397C952E2E290E00732DE5 /* HeadView.swift */; };
		73397C982E2E2A1000732DE5 /* SettingViewController.swift in Sources */ = {isa = PBXBuildFile; fileRef = 73397C972E2E2A1000732DE5 /* SettingViewController.swift */; };
		73397C9A2E2E2A2900732DE5 /* SettingView.swift in Sources */ = {isa = PBXBuildFile; fileRef = 73397C992E2E2A2900732DE5 /* SettingView.swift */; };
		73397C9C2E2E34D200732DE5 /* PopLogoutView.swift in Sources */ = {isa = PBXBuildFile; fileRef = 73397C9B2E2E34D200732DE5 /* PopLogoutView.swift */; };
		73D10F5E2E2DCD0500CCFEF1 /* Assets.xcassets in Resources */ = {isa = PBXBuildFile; fileRef = 73D10F552E2DCD0500CCFEF1 /* Assets.xcassets */; };
		73D10F602E2DCD0500CCFEF1 /* LaunchScreen.storyboard in Resources */ = {isa = PBXBuildFile; fileRef = 73D10F582E2DCD0500CCFEF1 /* LaunchScreen.storyboard */; };
		73D10F622E2DCD0500CCFEF1 /* AppDelegate.swift in Sources */ = {isa = PBXBuildFile; fileRef = 73D10F542E2DCD0500CCFEF1 /* AppDelegate.swift */; };
/* End PBXBuildFile section */

/* Begin PBXFileReference section */
		30D8EE2E2BB3896526AFAD5A /* Pods-PeraLend.debug.xcconfig */ = {isa = PBXFileReference; includeInIndex = 1; lastKnownFileType = text.xcconfig; name = "Pods-PeraLend.debug.xcconfig"; path = "Target Support Files/Pods-PeraLend/Pods-PeraLend.debug.xcconfig"; sourceTree = "<group>"; };
		73397C672E2DD05B00732DE5 /* BaseViewController.swift */ = {isa = PBXFileReference; lastKnownFileType = sourcecode.swift; path = BaseViewController.swift; sourceTree = "<group>"; };
		73397C692E2DD06400732DE5 /* LaunchViewController.swift */ = {isa = PBXFileReference; lastKnownFileType = sourcecode.swift; path = LaunchViewController.swift; sourceTree = "<group>"; };
		73397C6C2E2DD12D00732DE5 /* BaseView.swift */ = {isa = PBXFileReference; lastKnownFileType = sourcecode.swift; path = BaseView.swift; sourceTree = "<group>"; };
		73397C712E2DD5A200732DE5 /* LoginView.swift */ = {isa = PBXFileReference; lastKnownFileType = sourcecode.swift; path = LoginView.swift; sourceTree = "<group>"; };
		73397C732E2DD5B500732DE5 /* LoginViewController.swift */ = {isa = PBXFileReference; lastKnownFileType = sourcecode.swift; path = LoginViewController.swift; sourceTree = "<group>"; };
		73397C752E2DD77100732DE5 /* CustomTabBarController.swift */ = {isa = PBXFileReference; lastKnownFileType = sourcecode.swift; path = CustomTabBarController.swift; sourceTree = "<group>"; };
		73397C772E2DD7B400732DE5 /* BaseNavigationController.swift */ = {isa = PBXFileReference; lastKnownFileType = sourcecode.swift; path = BaseNavigationController.swift; sourceTree = "<group>"; };
		73397C792E2DDA8F00732DE5 /* PhoneListView.swift */ = {isa = PBXFileReference; lastKnownFileType = sourcecode.swift; path = PhoneListView.swift; sourceTree = "<group>"; };
		73397C7C2E2DED9C00732DE5 /* loginConfig.swift */ = {isa = PBXFileReference; lastKnownFileType = sourcecode.swift; path = loginConfig.swift; sourceTree = "<group>"; };
		73397C7E2E2DF14100732DE5 /* httprequest.swift */ = {isa = PBXFileReference; lastKnownFileType = sourcecode.swift; path = httprequest.swift; sourceTree = "<group>"; };
		73397C802E2DF1B700732DE5 /* model.swift */ = {isa = PBXFileReference; lastKnownFileType = sourcecode.swift; path = model.swift; sourceTree = "<group>"; };
		73397C822E2E030D00732DE5 /* hud.swift */ = {isa = PBXFileReference; lastKnownFileType = sourcecode.swift; path = hud.swift; sourceTree = "<group>"; };
		73397C862E2E047D00732DE5 /* loading.json */ = {isa = PBXFileReference; lastKnownFileType = text.json; path = loading.json; sourceTree = "<group>"; };
		73397C8D2E2E14D500732DE5 /* HomeViewController.swift */ = {isa = PBXFileReference; lastKnownFileType = sourcecode.swift; path = HomeViewController.swift; sourceTree = "<group>"; };
		73397C8F2E2E14DD00732DE5 /* CenterViewController.swift */ = {isa = PBXFileReference; lastKnownFileType = sourcecode.swift; path = CenterViewController.swift; sourceTree = "<group>"; };
		73397C912E2E175E00732DE5 /* HomeView.swift */ = {isa = PBXFileReference; lastKnownFileType = sourcecode.swift; path = HomeView.swift; sourceTree = "<group>"; };
		73397C932E2E1ED600732DE5 /* CenterView.swift */ = {isa = PBXFileReference; lastKnownFileType = sourcecode.swift; path = CenterView.swift; sourceTree = "<group>"; };
		73397C952E2E290E00732DE5 /* HeadView.swift */ = {isa = PBXFileReference; lastKnownFileType = sourcecode.swift; path = HeadView.swift; sourceTree = "<group>"; };
		73397C972E2E2A1000732DE5 /* SettingViewController.swift */ = {isa = PBXFileReference; lastKnownFileType = sourcecode.swift; path = SettingViewController.swift; sourceTree = "<group>"; };
		73397C992E2E2A2900732DE5 /* SettingView.swift */ = {isa = PBXFileReference; lastKnownFileType = sourcecode.swift; path = SettingView.swift; sourceTree = "<group>"; };
		73397C9B2E2E34D200732DE5 /* PopLogoutView.swift */ = {isa = PBXFileReference; lastKnownFileType = sourcecode.swift; path = PopLogoutView.swift; sourceTree = "<group>"; };
		73D10F3C2E2DCCFD00CCFEF1 /* PeraLend.app */ = {isa = PBXFileReference; explicitFileType = wrapper.application; includeInIndex = 0; path = PeraLend.app; sourceTree = BUILT_PRODUCTS_DIR; };
		73D10F542E2DCD0500CCFEF1 /* AppDelegate.swift */ = {isa = PBXFileReference; lastKnownFileType = sourcecode.swift; path = AppDelegate.swift; sourceTree = "<group>"; };
		73D10F552E2DCD0500CCFEF1 /* Assets.xcassets */ = {isa = PBXFileReference; lastKnownFileType = folder.assetcatalog; path = Assets.xcassets; sourceTree = "<group>"; };
		73D10F562E2DCD0500CCFEF1 /* Info.plist */ = {isa = PBXFileReference; lastKnownFileType = text.plist.xml; path = Info.plist; sourceTree = "<group>"; };
		73D10F572E2DCD0500CCFEF1 /* Base */ = {isa = PBXFileReference; lastKnownFileType = file.storyboard; name = Base; path = Base.lproj/LaunchScreen.storyboard; sourceTree = "<group>"; };
		7FFE6F7FE1CD09A214DAC321 /* Pods_PeraLend.framework */ = {isa = PBXFileReference; explicitFileType = wrapper.framework; includeInIndex = 0; path = Pods_PeraLend.framework; sourceTree = BUILT_PRODUCTS_DIR; };
		949416498096A99F3ADDD2AF /* Pods-PeraLend.release.xcconfig */ = {isa = PBXFileReference; includeInIndex = 1; lastKnownFileType = text.xcconfig; name = "Pods-PeraLend.release.xcconfig"; path = "Target Support Files/Pods-PeraLend/Pods-PeraLend.release.xcconfig"; sourceTree = "<group>"; };
/* End PBXFileReference section */

/* Begin PBXFrameworksBuildPhase section */
		73D10F392E2DCCFD00CCFEF1 /* Frameworks */ = {
			isa = PBXFrameworksBuildPhase;
			buildActionMask = 2147483647;
			files = (
				550FF02CC98A753B997005B5 /* Pods_PeraLend.framework in Frameworks */,
			);
			runOnlyForDeploymentPostprocessing = 0;
		};
/* End PBXFrameworksBuildPhase section */

/* Begin PBXGroup section */
		1D568FB95E6E8719C23944CF /* Pods */ = {
			isa = PBXGroup;
			children = (
				30D8EE2E2BB3896526AFAD5A /* Pods-PeraLend.debug.xcconfig */,
				949416498096A99F3ADDD2AF /* Pods-PeraLend.release.xcconfig */,
			);
			path = Pods;
			sourceTree = "<group>";
		};
		56E4779469429CCFF9EDC430 /* Frameworks */ = {
			isa = PBXGroup;
			children = (
				7FFE6F7FE1CD09A214DAC321 /* Pods_PeraLend.framework */,
			);
			name = Frameworks;
			sourceTree = "<group>";
		};
		73397C662E2DD04400732DE5 /* base */ = {
			isa = PBXGroup;
			children = (
				73397C6C2E2DD12D00732DE5 /* BaseView.swift */,
				73397C672E2DD05B00732DE5 /* BaseViewController.swift */,
				73397C692E2DD06400732DE5 /* LaunchViewController.swift */,
				73397C752E2DD77100732DE5 /* CustomTabBarController.swift */,
				73397C772E2DD7B400732DE5 /* BaseNavigationController.swift */,
			);
			path = base;
			sourceTree = "<group>";
		};
		73397C6E2E2DD4D500732DE5 /* login */ = {
			isa = PBXGroup;
			children = (
				73397C712E2DD5A200732DE5 /* LoginView.swift */,
				73397C792E2DDA8F00732DE5 /* PhoneListView.swift */,
				73397C732E2DD5B500732DE5 /* LoginViewController.swift */,
			);
			path = login;
			sourceTree = "<group>";
		};
		73397C7B2E2DED7B00732DE5 /* http */ = {
			isa = PBXGroup;
			children = (
				73397C822E2E030D00732DE5 /* hud.swift */,
				73397C862E2E047D00732DE5 /* loading.json */,
				73397C802E2DF1B700732DE5 /* model.swift */,
				73397C7E2E2DF14100732DE5 /* httprequest.swift */,
				73397C7C2E2DED9C00732DE5 /* loginConfig.swift */,
			);
			path = http;
			sourceTree = "<group>";
		};
		73397C882E2E147C00732DE5 /* home */ = {
			isa = PBXGroup;
			children = (
				73397C912E2E175E00732DE5 /* HomeView.swift */,
				73397C8D2E2E14D500732DE5 /* HomeViewController.swift */,
			);
			path = home;
			sourceTree = "<group>";
		};
		73397C892E2E148000732DE5 /* center */ = {
			isa = PBXGroup;
			children = (
				73397C952E2E290E00732DE5 /* HeadView.swift */,
				73397C932E2E1ED600732DE5 /* CenterView.swift */,
				73397C8F2E2E14DD00732DE5 /* CenterViewController.swift */,
				73397C992E2E2A2900732DE5 /* SettingView.swift */,
				73397C972E2E2A1000732DE5 /* SettingViewController.swift */,
				73397C9B2E2E34D200732DE5 /* PopLogoutView.swift */,
			);
			path = center;
			sourceTree = "<group>";
		};
		73397C8A2E2E148600732DE5 /* order */ = {
			isa = PBXGroup;
			children = (
			);
			path = order;
			sourceTree = "<group>";
		};
		73D10F332E2DCCFD00CCFEF1 = {
			isa = PBXGroup;
			children = (
				73D10F5D2E2DCD0500CCFEF1 /* PeraLend */,
				73D10F3D2E2DCCFD00CCFEF1 /* Products */,
				1D568FB95E6E8719C23944CF /* Pods */,
				56E4779469429CCFF9EDC430 /* Frameworks */,
			);
			sourceTree = "<group>";
		};
		73D10F3D2E2DCCFD00CCFEF1 /* Products */ = {
			isa = PBXGroup;
			children = (
				73D10F3C2E2DCCFD00CCFEF1 /* PeraLend.app */,
			);
			name = Products;
			sourceTree = "<group>";
		};
		73D10F5D2E2DCD0500CCFEF1 /* PeraLend */ = {
			isa = PBXGroup;
			children = (
				73D10F562E2DCD0500CCFEF1 /* Info.plist */,
				73D10F552E2DCD0500CCFEF1 /* Assets.xcassets */,
				73D10F542E2DCD0500CCFEF1 /* AppDelegate.swift */,
				73D10F582E2DCD0500CCFEF1 /* LaunchScreen.storyboard */,
				73397C8A2E2E148600732DE5 /* order */,
				73397C892E2E148000732DE5 /* center */,
				73397C882E2E147C00732DE5 /* home */,
				73397C7B2E2DED7B00732DE5 /* http */,
				73397C6E2E2DD4D500732DE5 /* login */,
				73397C662E2DD04400732DE5 /* base */,
			);
			path = PeraLend;
			sourceTree = "<group>";
		};
/* End PBXGroup section */

/* Begin PBXNativeTarget section */
		73D10F3B2E2DCCFD00CCFEF1 /* PeraLend */ = {
			isa = PBXNativeTarget;
			buildConfigurationList = 73D10F4F2E2DCCFE00CCFEF1 /* Build configuration list for PBXNativeTarget "PeraLend" */;
			buildPhases = (
				6E106BF8E3E431C918A4B3F3 /* [CP] Check Pods Manifest.lock */,
				73D10F382E2DCCFD00CCFEF1 /* Sources */,
				73D10F392E2DCCFD00CCFEF1 /* Frameworks */,
				73D10F3A2E2DCCFD00CCFEF1 /* Resources */,
				A4A3CA7B59039A415965BAAB /* [CP] Embed Pods Frameworks */,
			);
			buildRules = (
			);
			dependencies = (
			);
			name = PeraLend;
			productName = PeraLend;
			productReference = 73D10F3C2E2DCCFD00CCFEF1 /* PeraLend.app */;
			productType = "com.apple.product-type.application";
		};
/* End PBXNativeTarget section */

/* Begin PBXProject section */
		73D10F342E2DCCFD00CCFEF1 /* Project object */ = {
			isa = PBXProject;
			attributes = {
				BuildIndependentTargetsInParallel = 1;
				LastSwiftUpdateCheck = 1640;
				LastUpgradeCheck = 1640;
				TargetAttributes = {
					73D10F3B2E2DCCFD00CCFEF1 = {
						CreatedOnToolsVersion = 16.4;
					};
				};
			};
			buildConfigurationList = 73D10F372E2DCCFD00CCFEF1 /* Build configuration list for PBXProject "PeraLend" */;
			developmentRegion = en;
			hasScannedForEncodings = 0;
			knownRegions = (
				en,
				Base,
			);
			mainGroup = 73D10F332E2DCCFD00CCFEF1;
			minimizedProjectReferenceProxies = 1;
			preferredProjectObjectVersion = 77;
			productRefGroup = 73D10F3D2E2DCCFD00CCFEF1 /* Products */;
			projectDirPath = "";
			projectRoot = "";
			targets = (
				73D10F3B2E2DCCFD00CCFEF1 /* PeraLend */,
			);
		};
/* End PBXProject section */

/* Begin PBXResourcesBuildPhase section */
		73D10F3A2E2DCCFD00CCFEF1 /* Resources */ = {
			isa = PBXResourcesBuildPhase;
			buildActionMask = 2147483647;
			files = (
				73D10F5E2E2DCD0500CCFEF1 /* Assets.xcassets in Resources */,
				73D10F602E2DCD0500CCFEF1 /* LaunchScreen.storyboard in Resources */,
				73397C872E2E047D00732DE5 /* loading.json in Resources */,
			);
			runOnlyForDeploymentPostprocessing = 0;
		};
/* End PBXResourcesBuildPhase section */

/* Begin PBXShellScriptBuildPhase section */
		6E106BF8E3E431C918A4B3F3 /* [CP] Check Pods Manifest.lock */ = {
			isa = PBXShellScriptBuildPhase;
			buildActionMask = 2147483647;
			files = (
			);
			inputFileListPaths = (
			);
			inputPaths = (
				"${PODS_PODFILE_DIR_PATH}/Podfile.lock",
				"${PODS_ROOT}/Manifest.lock",
			);
			name = "[CP] Check Pods Manifest.lock";
			outputFileListPaths = (
			);
			outputPaths = (
				"$(DERIVED_FILE_DIR)/Pods-PeraLend-checkManifestLockResult.txt",
			);
			runOnlyForDeploymentPostprocessing = 0;
			shellPath = /bin/sh;
			shellScript = "diff \"${PODS_PODFILE_DIR_PATH}/Podfile.lock\" \"${PODS_ROOT}/Manifest.lock\" > /dev/null\nif [ $? != 0 ] ; then\n    # print error to STDERR\n    echo \"error: The sandbox is not in sync with the Podfile.lock. Run 'pod install' or update your CocoaPods installation.\" >&2\n    exit 1\nfi\n# This output is used by Xcode 'outputs' to avoid re-running this script phase.\necho \"SUCCESS\" > \"${SCRIPT_OUTPUT_FILE_0}\"\n";
			showEnvVarsInLog = 0;
		};
		A4A3CA7B59039A415965BAAB /* [CP] Embed Pods Frameworks */ = {
			isa = PBXShellScriptBuildPhase;
			buildActionMask = 2147483647;
			files = (
			);
			inputFileListPaths = (
				"${PODS_ROOT}/Target Support Files/Pods-PeraLend/Pods-PeraLend-frameworks-${CONFIGURATION}-input-files.xcfilelist",
			);
			inputPaths = (
			);
			name = "[CP] Embed Pods Frameworks";
			outputFileListPaths = (
				"${PODS_ROOT}/Target Support Files/Pods-PeraLend/Pods-PeraLend-frameworks-${CONFIGURATION}-output-files.xcfilelist",
			);
			outputPaths = (
			);
			runOnlyForDeploymentPostprocessing = 0;
			shellPath = /bin/sh;
			shellScript = "\"${PODS_ROOT}/Target Support Files/Pods-PeraLend/Pods-PeraLend-frameworks.sh\"\n";
			showEnvVarsInLog = 0;
		};
/* End PBXShellScriptBuildPhase section */

/* Begin PBXSourcesBuildPhase section */
		73D10F382E2DCCFD00CCFEF1 /* Sources */ = {
			isa = PBXSourcesBuildPhase;
			buildActionMask = 2147483647;
			files = (
				73397C782E2DD7B400732DE5 /* BaseNavigationController.swift in Sources */,
				73397C9A2E2E2A2900732DE5 /* SettingView.swift in Sources */,
				73397C9C2E2E34D200732DE5 /* PopLogoutView.swift in Sources */,
				73397C832E2E031000732DE5 /* hud.swift in Sources */,
				73D10F622E2DCD0500CCFEF1 /* AppDelegate.swift in Sources */,
				73397C6A2E2DD06400732DE5 /* LaunchViewController.swift in Sources */,
				73397C682E2DD05B00732DE5 /* BaseViewController.swift in Sources */,
				73397C8E2E2E14D500732DE5 /* HomeViewController.swift in Sources */,
				73397C762E2DD77100732DE5 /* CustomTabBarController.swift in Sources */,
				73397C942E2E1ED600732DE5 /* CenterView.swift in Sources */,
				73397C7A2E2DDA8F00732DE5 /* PhoneListView.swift in Sources */,
				73397C722E2DD5A200732DE5 /* LoginView.swift in Sources */,
				73397C962E2E290E00732DE5 /* HeadView.swift in Sources */,
				73397C902E2E14DD00732DE5 /* CenterViewController.swift in Sources */,
				73397C812E2DF1B900732DE5 /* model.swift in Sources */,
				73397C6D2E2DD12D00732DE5 /* BaseView.swift in Sources */,
				73397C742E2DD5B500732DE5 /* LoginViewController.swift in Sources */,
				73397C922E2E175E00732DE5 /* HomeView.swift in Sources */,
				73397C982E2E2A1000732DE5 /* SettingViewController.swift in Sources */,
				73397C7F2E2DF15100732DE5 /* httprequest.swift in Sources */,
				73397C7D2E2DEDA100732DE5 /* loginConfig.swift in Sources */,
			);
			runOnlyForDeploymentPostprocessing = 0;
		};
/* End PBXSourcesBuildPhase section */

/* Begin PBXVariantGroup section */
		73D10F582E2DCD0500CCFEF1 /* LaunchScreen.storyboard */ = {
			isa = PBXVariantGroup;
			children = (
				73D10F572E2DCD0500CCFEF1 /* Base */,
			);
			name = LaunchScreen.storyboard;
			sourceTree = "<group>";
		};
/* End PBXVariantGroup section */

/* Begin XCBuildConfiguration section */
		73D10F502E2DCCFE00CCFEF1 /* Debug */ = {
			isa = XCBuildConfiguration;
			baseConfigurationReference = 30D8EE2E2BB3896526AFAD5A /* Pods-PeraLend.debug.xcconfig */;
			buildSettings = {
				ASSETCATALOG_COMPILER_APPICON_NAME = AppIcon;
				ASSETCATALOG_COMPILER_GLOBAL_ACCENT_COLOR_NAME = AccentColor;
				"CODE_SIGN_IDENTITY[sdk=iphoneos*]" = "iPhone Developer";
				CODE_SIGN_STYLE = Manual;
				CURRENT_PROJECT_VERSION = 1;
				DEVELOPMENT_TEAM = "";
				"DEVELOPMENT_TEAM[sdk=iphoneos*]" = 8K9YQ3M42C;
				GENERATE_INFOPLIST_FILE = YES;
				INFOPLIST_FILE = PeraLend/Info.plist;
				INFOPLIST_KEY_UIApplicationSupportsIndirectInputEvents = YES;
				INFOPLIST_KEY_UILaunchStoryboardName = LaunchScreen;
				INFOPLIST_KEY_UISupportedInterfaceOrientations = UIInterfaceOrientationPortrait;
				INFOPLIST_KEY_UISupportedInterfaceOrientations_iPad = "UIInterfaceOrientationLandscapeLeft UIInterfaceOrientationLandscapeRight UIInterfaceOrientationPortrait UIInterfaceOrientationPortraitUpsideDown";
				IPHONEOS_DEPLOYMENT_TARGET = 14.0;
				LD_RUNPATH_SEARCH_PATHS = (
					"$(inherited)",
					"@executable_path/Frameworks",
				);
				MARKETING_VERSION = 1.0.0;
				PRODUCT_BUNDLE_IDENTIFIER = com.hkdev;
				PRODUCT_NAME = "$(TARGET_NAME)";
				PROVISIONING_PROFILE_SPECIFIER = "";
				"PROVISIONING_PROFILE_SPECIFIER[sdk=iphoneos*]" = hkdevpro;
				SUPPORTED_PLATFORMS = "iphoneos iphonesimulator";
				SUPPORTS_MACCATALYST = NO;
				SUPPORTS_MAC_DESIGNED_FOR_IPHONE_IPAD = NO;
				SUPPORTS_XR_DESIGNED_FOR_IPHONE_IPAD = NO;
				SWIFT_EMIT_LOC_STRINGS = YES;
				SWIFT_VERSION = 5.0;
				TARGETED_DEVICE_FAMILY = 1;
			};
			name = Debug;
		};
		73D10F512E2DCCFE00CCFEF1 /* Release */ = {
			isa = XCBuildConfiguration;
			baseConfigurationReference = 949416498096A99F3ADDD2AF /* Pods-PeraLend.release.xcconfig */;
			buildSettings = {
				ASSETCATALOG_COMPILER_APPICON_NAME = AppIcon;
				ASSETCATALOG_COMPILER_GLOBAL_ACCENT_COLOR_NAME = AccentColor;
				"CODE_SIGN_IDENTITY[sdk=iphoneos*]" = "iPhone Developer";
				CODE_SIGN_STYLE = Manual;
				CURRENT_PROJECT_VERSION = 1;
				DEVELOPMENT_TEAM = "";
				"DEVELOPMENT_TEAM[sdk=iphoneos*]" = 8K9YQ3M42C;
				GENERATE_INFOPLIST_FILE = YES;
				INFOPLIST_FILE = PeraLend/Info.plist;
				INFOPLIST_KEY_UIApplicationSupportsIndirectInputEvents = YES;
				INFOPLIST_KEY_UILaunchStoryboardName = LaunchScreen;
				INFOPLIST_KEY_UISupportedInterfaceOrientations = UIInterfaceOrientationPortrait;
				INFOPLIST_KEY_UISupportedInterfaceOrientations_iPad = "UIInterfaceOrientationLandscapeLeft UIInterfaceOrientationLandscapeRight UIInterfaceOrientationPortrait UIInterfaceOrientationPortraitUpsideDown";
				IPHONEOS_DEPLOYMENT_TARGET = 14.0;
				LD_RUNPATH_SEARCH_PATHS = (
					"$(inherited)",
					"@executable_path/Frameworks",
				);
				MARKETING_VERSION = 1.0.0;
				PRODUCT_BUNDLE_IDENTIFIER = com.hkdev;
				PRODUCT_NAME = "$(TARGET_NAME)";
				PROVISIONING_PROFILE_SPECIFIER = "";
				"PROVISIONING_PROFILE_SPECIFIER[sdk=iphoneos*]" = hkdevpro;
				SUPPORTED_PLATFORMS = "iphoneos iphonesimulator";
				SUPPORTS_MACCATALYST = NO;
				SUPPORTS_MAC_DESIGNED_FOR_IPHONE_IPAD = NO;
				SUPPORTS_XR_DESIGNED_FOR_IPHONE_IPAD = NO;
				SWIFT_EMIT_LOC_STRINGS = YES;
				SWIFT_VERSION = 5.0;
				TARGETED_DEVICE_FAMILY = 1;
			};
			name = Release;
		};
		73D10F522E2DCCFE00CCFEF1 /* Debug */ = {
			isa = XCBuildConfiguration;
			buildSettings = {
				ALWAYS_SEARCH_USER_PATHS = NO;
				ASSETCATALOG_COMPILER_GENERATE_SWIFT_ASSET_SYMBOL_EXTENSIONS = YES;
				CLANG_ANALYZER_NONNULL = YES;
				CLANG_ANALYZER_NUMBER_OBJECT_CONVERSION = YES_AGGRESSIVE;
				CLANG_CXX_LANGUAGE_STANDARD = "gnu++20";
				CLANG_ENABLE_MODULES = YES;
				CLANG_ENABLE_OBJC_ARC = YES;
				CLANG_ENABLE_OBJC_WEAK = YES;
				CLANG_WARN_BLOCK_CAPTURE_AUTORELEASING = YES;
				CLANG_WARN_BOOL_CONVERSION = YES;
				CLANG_WARN_COMMA = YES;
				CLANG_WARN_CONSTANT_CONVERSION = YES;
				CLANG_WARN_DEPRECATED_OBJC_IMPLEMENTATIONS = YES;
				CLANG_WARN_DIRECT_OBJC_ISA_USAGE = YES_ERROR;
				CLANG_WARN_DOCUMENTATION_COMMENTS = YES;
				CLANG_WARN_EMPTY_BODY = YES;
				CLANG_WARN_ENUM_CONVERSION = YES;
				CLANG_WARN_INFINITE_RECURSION = YES;
				CLANG_WARN_INT_CONVERSION = YES;
				CLANG_WARN_NON_LITERAL_NULL_CONVERSION = YES;
				CLANG_WARN_OBJC_IMPLICIT_RETAIN_SELF = YES;
				CLANG_WARN_OBJC_LITERAL_CONVERSION = YES;
				CLANG_WARN_OBJC_ROOT_CLASS = YES_ERROR;
				CLANG_WARN_QUOTED_INCLUDE_IN_FRAMEWORK_HEADER = YES;
				CLANG_WARN_RANGE_LOOP_ANALYSIS = YES;
				CLANG_WARN_STRICT_PROTOTYPES = YES;
				CLANG_WARN_SUSPICIOUS_MOVE = YES;
				CLANG_WARN_UNGUARDED_AVAILABILITY = YES_AGGRESSIVE;
				CLANG_WARN_UNREACHABLE_CODE = YES;
				CLANG_WARN__DUPLICATE_METHOD_MATCH = YES;
				COPY_PHASE_STRIP = NO;
				DEBUG_INFORMATION_FORMAT = dwarf;
				ENABLE_STRICT_OBJC_MSGSEND = YES;
				ENABLE_TESTABILITY = YES;
				ENABLE_USER_SCRIPT_SANDBOXING = YES;
				GCC_C_LANGUAGE_STANDARD = gnu17;
				GCC_DYNAMIC_NO_PIC = NO;
				GCC_NO_COMMON_BLOCKS = YES;
				GCC_OPTIMIZATION_LEVEL = 0;
				GCC_PREPROCESSOR_DEFINITIONS = (
					"DEBUG=1",
					"$(inherited)",
				);
				GCC_WARN_64_TO_32_BIT_CONVERSION = YES;
				GCC_WARN_ABOUT_RETURN_TYPE = YES_ERROR;
				GCC_WARN_UNDECLARED_SELECTOR = YES;
				GCC_WARN_UNINITIALIZED_AUTOS = YES_AGGRESSIVE;
				GCC_WARN_UNUSED_FUNCTION = YES;
				GCC_WARN_UNUSED_VARIABLE = YES;
				IPHONEOS_DEPLOYMENT_TARGET = 18.5;
				LOCALIZATION_PREFERS_STRING_CATALOGS = YES;
				MTL_ENABLE_DEBUG_INFO = INCLUDE_SOURCE;
				MTL_FAST_MATH = YES;
				ONLY_ACTIVE_ARCH = YES;
				SDKROOT = iphoneos;
				SWIFT_ACTIVE_COMPILATION_CONDITIONS = "DEBUG $(inherited)";
				SWIFT_OPTIMIZATION_LEVEL = "-Onone";
			};
			name = Debug;
		};
		73D10F532E2DCCFE00CCFEF1 /* Release */ = {
			isa = XCBuildConfiguration;
			buildSettings = {
				ALWAYS_SEARCH_USER_PATHS = NO;
				ASSETCATALOG_COMPILER_GENERATE_SWIFT_ASSET_SYMBOL_EXTENSIONS = YES;
				CLANG_ANALYZER_NONNULL = YES;
				CLANG_ANALYZER_NUMBER_OBJECT_CONVERSION = YES_AGGRESSIVE;
				CLANG_CXX_LANGUAGE_STANDARD = "gnu++20";
				CLANG_ENABLE_MODULES = YES;
				CLANG_ENABLE_OBJC_ARC = YES;
				CLANG_ENABLE_OBJC_WEAK = YES;
				CLANG_WARN_BLOCK_CAPTURE_AUTORELEASING = YES;
				CLANG_WARN_BOOL_CONVERSION = YES;
				CLANG_WARN_COMMA = YES;
				CLANG_WARN_CONSTANT_CONVERSION = YES;
				CLANG_WARN_DEPRECATED_OBJC_IMPLEMENTATIONS = YES;
				CLANG_WARN_DIRECT_OBJC_ISA_USAGE = YES_ERROR;
				CLANG_WARN_DOCUMENTATION_COMMENTS = YES;
				CLANG_WARN_EMPTY_BODY = YES;
				CLANG_WARN_ENUM_CONVERSION = YES;
				CLANG_WARN_INFINITE_RECURSION = YES;
				CLANG_WARN_INT_CONVERSION = YES;
				CLANG_WARN_NON_LITERAL_NULL_CONVERSION = YES;
				CLANG_WARN_OBJC_IMPLICIT_RETAIN_SELF = YES;
				CLANG_WARN_OBJC_LITERAL_CONVERSION = YES;
				CLANG_WARN_OBJC_ROOT_CLASS = YES_ERROR;
				CLANG_WARN_QUOTED_INCLUDE_IN_FRAMEWORK_HEADER = YES;
				CLANG_WARN_RANGE_LOOP_ANALYSIS = YES;
				CLANG_WARN_STRICT_PROTOTYPES = YES;
				CLANG_WARN_SUSPICIOUS_MOVE = YES;
				CLANG_WARN_UNGUARDED_AVAILABILITY = YES_AGGRESSIVE;
				CLANG_WARN_UNREACHABLE_CODE = YES;
				CLANG_WARN__DUPLICATE_METHOD_MATCH = YES;
				COPY_PHASE_STRIP = NO;
				DEBUG_INFORMATION_FORMAT = "dwarf-with-dsym";
				ENABLE_NS_ASSERTIONS = NO;
				ENABLE_STRICT_OBJC_MSGSEND = YES;
				ENABLE_USER_SCRIPT_SANDBOXING = YES;
				GCC_C_LANGUAGE_STANDARD = gnu17;
				GCC_NO_COMMON_BLOCKS = YES;
				GCC_WARN_64_TO_32_BIT_CONVERSION = YES;
				GCC_WARN_ABOUT_RETURN_TYPE = YES_ERROR;
				GCC_WARN_UNDECLARED_SELECTOR = YES;
				GCC_WARN_UNINITIALIZED_AUTOS = YES_AGGRESSIVE;
				GCC_WARN_UNUSED_FUNCTION = YES;
				GCC_WARN_UNUSED_VARIABLE = YES;
				IPHONEOS_DEPLOYMENT_TARGET = 18.5;
				LOCALIZATION_PREFERS_STRING_CATALOGS = YES;
				MTL_ENABLE_DEBUG_INFO = NO;
				MTL_FAST_MATH = YES;
				SDKROOT = iphoneos;
				SWIFT_COMPILATION_MODE = wholemodule;
				VALIDATE_PRODUCT = YES;
			};
			name = Release;
		};
/* End XCBuildConfiguration section */

/* Begin XCConfigurationList section */
		73D10F372E2DCCFD00CCFEF1 /* Build configuration list for PBXProject "PeraLend" */ = {
			isa = XCConfigurationList;
			buildConfigurations = (
				73D10F522E2DCCFE00CCFEF1 /* Debug */,
				73D10F532E2DCCFE00CCFEF1 /* Release */,
			);
			defaultConfigurationIsVisible = 0;
			defaultConfigurationName = Release;
		};
		73D10F4F2E2DCCFE00CCFEF1 /* Build configuration list for PBXNativeTarget "PeraLend" */ = {
			isa = XCConfigurationList;
			buildConfigurations = (
				73D10F502E2DCCFE00CCFEF1 /* Debug */,
				73D10F512E2DCCFE00CCFEF1 /* Release */,
			);
			defaultConfigurationIsVisible = 0;
			defaultConfigurationName = Release;
		};
/* End XCConfigurationList section */
	};
	rootObject = 73D10F342E2DCCFD00CCFEF1 /* Project object */;
}
